github.com/SmartEnergyPlatform/util v0.0.0-20181018070938-b26ca656886c h1:W4cI5yY8t8yL2eby9p27KmVgUzJ8x/nOJVFcchA0srs=
github.com/SmartEnergyPlatform/util v0.0.0-20181018070938-b26ca656886c/go.mod h1:SQukrczVRI7mSlfxYiIjtKjuIpNc7GPXhZISX0iLa3M=
github.com/julienschmidt/httprouter v0.0.0-20170430222011-975b5c4c7c21/go.mod h1:SYymIcj16QtmaHHD7aYtjjsJG7VTCxuUUipMqKk8s4w=
github.com/julienschmidt/httprouter v1.2.0 h1:TDTW5Yz1mjftljbcKqRcrYhd4XeOoI98t+9HbQbYf7g=
github.com/julienschmidt/httprouter v1.2.0/go.mod h1:SYymIcj16QtmaHHD7aYtjjsJG7VTCxuUUipMqKk8s4w=
github.com/moul/http2curl v0.0.0-20161031194548-4e24498b31db/go.mod h1:8UbvGypXm98wA/IqH45anm5Y2Z6ep6O31QGOAZ3H0fQ=
github.com/parnurzeal/gorequest v0.0.0-20170429061244-5bf13be19878/go.mod h1:3Kh2QUMJoqw3icWAecsyzkpY7UzRfDhbRdTjtNwNiUE=
github.com/pkg/errors v0.0.0-20170316201538-ff09b135c25a/go.mod h1:bwawxfHBFNV+L2hUp1rHADufV3IMtnDRdf1r5NINEl0=
github.com/satori/go.uuid v0.0.0-20170321230731-5bf94b69c6b6/go.mod h1:dA0hQrYB0VpLJoorglMZABFdXlWrHn1NEOzdhQKdks0=
golang.org/x/net v0.0.0-20170424220842-da118f7b8e59/go.mod h1:mL1N/T3taQHkDXs73rZJwtUhF3w3ftmwwsq0BUmARs4=
gopkg.in/mgo.v2 v2.0.0-20160818020120-3f83fa500528 h1:/saqWwm73dLmuzbNhe92F0QsZ/KiFND+esHco2v1hiY=
gopkg.in/mgo.v2 v2.0.0-20160818020120-3f83fa500528/go.mod h1:yeKp02qBN3iKW1OzL3MGk2IdtZzaj7SFntXj72NppTA=
